
Microsoft Visual Studio Solution File, Format Version 12.00
# Visual Studio Version 16
VisualStudioVersion = 16.0.31424.327
MinimumVisualStudioVersion = 10.0.40219.1
Project("{FAE04EC0-301F-11D3-BF4B-00C04F79EFBC}") = "Getools", "Getools\Getools.csproj", "{61F5B392-6954-4708-8B04-48CD812ECBE9}"
EndProject
Project("{FAE04EC0-301F-11D3-BF4B-00C04F79EFBC}") = "Getools.Lib", "Getools.Lib\Getools.Lib.csproj", "{D7053F95-0790-43A3-9D19-EFC67A0A166C}"
EndProject
Global
	GlobalSection(SolutionConfigurationPlatforms) = preSolution
		Debug|Any CPU = Debug|Any CPU
		Release|Any CPU = Release|Any CPU
	EndGlobalSection
	GlobalSection(ProjectConfigurationPlatforms) = postSolution
		{61F5B392-6954-4708-8B04-48CD812ECBE9}.Debug|Any CPU.ActiveCfg = Debug|Any CPU
		{61F5B392-6954-4708-8B04-48CD812ECBE9}.Debug|Any CPU.Build.0 = Debug|Any CPU
		{61F5B392-6954-4708-8B04-48CD812ECBE9}.Release|Any CPU.ActiveCfg = Release|Any CPU
		{61F5B392-6954-4708-8B04-48CD812ECBE9}.Release|Any CPU.Build.0 = Release|Any CPU
		{D7053F95-0790-43A3-9D19-EFC67A0A166C}.Debug|Any CPU.ActiveCfg = Debug|Any CPU
		{D7053F95-0790-43A3-9D19-EFC67A0A166C}.Debug|Any CPU.Build.0 = Debug|Any CPU
		{D7053F95-0790-43A3-9D19-EFC67A0A166C}.Release|Any CPU.ActiveCfg = Release|Any CPU
		{D7053F95-0790-43A3-9D19-EFC67A0A166C}.Release|Any CPU.Build.0 = Release|Any CPU
	EndGlobalSection
	GlobalSection(SolutionProperties) = preSolution
		HideSolutionNode = FALSE
	EndGlobalSection
	GlobalSection(ExtensibilityGlobals) = postSolution
		SolutionGuid = {AF3AD4D1-597B-457D-9144-1BE5185D4B19}
	EndGlobalSection
EndGlobal
